
Microsoft Visual Studio Solution File, Format Version 12.00
# Visual Studio Version 16
VisualStudioVersion = 16.0.30804.86
MinimumVisualStudioVersion = 10.0.40219.1
Project("{FAE04EC0-301F-11D3-BF4B-00C04F79EFBC}") = "TestometrikaParser", "TestometrikaParser\TestometrikaParser.csproj", "{1455AA96-53B9-4796-AB96-556F08F93DDF}"
EndProject
Global
	GlobalSection(SolutionConfigurationPlatforms) = preSolution
		Debug|Any CPU = Debug|Any CPU
		Release|Any CPU = Release|Any CPU
	EndGlobalSection
	GlobalSection(ProjectConfigurationPlatforms) = postSolution
		{1455AA96-53B9-4796-AB96-556F08F93DDF}.Debug|Any CPU.ActiveCfg = Debug|Any CPU
		{1455AA96-53B9-4796-AB96-556F08F93DDF}.Debug|Any CPU.Build.0 = Debug|Any CPU
		{1455AA96-53B9-4796-AB96-556F08F93DDF}.Release|Any CPU.ActiveCfg = Release|Any CPU
		{1455AA96-53B9-4796-AB96-556F08F93DDF}.Release|Any CPU.Build.0 = Release|Any CPU
	EndGlobalSection
	GlobalSection(SolutionProperties) = preSolution
		HideSolutionNode = FALSE
	EndGlobalSection
	GlobalSection(ExtensibilityGlobals) = postSolution
		SolutionGuid = {17B77607-AB08-4A76-A2FD-73272BB592E9}
	EndGlobalSection
EndGlobal
